
Microsoft Visual Studio Solution File, Format Version 12.00
# Visual Studio Version 17
VisualStudioVersion = 17.5.002.0
MinimumVisualStudioVersion = 10.0.40219.1
Project("{2150E333-8FDC-42A3-9474-1A3956D46DE8}") = "backend", "backend", "{47F9E8CF-D1B2-4764-9B3D-25A40D0A2C65}"
EndProject
Project("{9A19103F-16F7-4668-BE54-9A1E7A4F7556}") = "api", "backend\api\api.csproj", "{18E11358-84FB-4DF4-B9AA-AE90356F93E7}"
EndProject
Global
	GlobalSection(SolutionConfigurationPlatforms) = preSolution
		Debug|Any CPU = Debug|Any CPU
		Release|Any CPU = Release|Any CPU
	EndGlobalSection
	GlobalSection(ProjectConfigurationPlatforms) = postSolution
		{18E11358-84FB-4DF4-B9AA-AE90356F93E7}.Debug|Any CPU.ActiveCfg = Debug|Any CPU
		{18E11358-84FB-4DF4-B9AA-AE90356F93E7}.Debug|Any CPU.Build.0 = Debug|Any CPU
		{18E11358-84FB-4DF4-B9AA-AE90356F93E7}.Release|Any CPU.ActiveCfg = Release|Any CPU
		{18E11358-84FB-4DF4-B9AA-AE90356F93E7}.Release|Any CPU.Build.0 = Release|Any CPU
	EndGlobalSection
	GlobalSection(SolutionProperties) = preSolution
		HideSolutionNode = FALSE
	EndGlobalSection
	GlobalSection(NestedProjects) = preSolution
		{18E11358-84FB-4DF4-B9AA-AE90356F93E7} = {47F9E8CF-D1B2-4764-9B3D-25A40D0A2C65}
	EndGlobalSection
	GlobalSection(ExtensibilityGlobals) = postSolution
		SolutionGuid = {F3BEB121-119C-413C-BA7F-20B0D384CB44}
	EndGlobalSection
EndGlobal
